
Microsoft Visual Studio Solution File, Format Version 12.00
# Visual Studio Version 17
VisualStudioVersion = 17.10.35013.160
MinimumVisualStudioVersion = 10.0.40219.1
Project("{8BC9CEB8-8B4A-11D0-8D11-00A0C91BC942}") = "zoo", "zoo\zoo.vcxproj", "{5DEA35EB-71B1-4BD9-8FEE-E7CBF1C6936A}"
EndProject
Global
	GlobalSection(SolutionConfigurationPlatforms) = preSolution
		Debug|x64 = Debug|x64
		Debug|x86 = Debug|x86
		Release|x64 = Release|x64
		Release|x86 = Release|x86
	EndGlobalSection
	GlobalSection(ProjectConfigurationPlatforms) = postSolution
		{5DEA35EB-71B1-4BD9-8FEE-E7CBF1C6936A}.Debug|x64.ActiveCfg = Debug|x64
		{5DEA35EB-71B1-4BD9-8FEE-E7CBF1C6936A}.Debug|x64.Build.0 = Debug|x64
		{5DEA35EB-71B1-4BD9-8FEE-E7CBF1C6936A}.Debug|x86.ActiveCfg = Debug|Win32
		{5DEA35EB-71B1-4BD9-8FEE-E7CBF1C6936A}.Debug|x86.Build.0 = Debug|Win32
		{5DEA35EB-71B1-4BD9-8FEE-E7CBF1C6936A}.Release|x64.ActiveCfg = Release|x64
		{5DEA35EB-71B1-4BD9-8FEE-E7CBF1C6936A}.Release|x64.Build.0 = Release|x64
		{5DEA35EB-71B1-4BD9-8FEE-E7CBF1C6936A}.Release|x86.ActiveCfg = Release|Win32
		{5DEA35EB-71B1-4BD9-8FEE-E7CBF1C6936A}.Release|x86.Build.0 = Release|Win32
	EndGlobalSection
	GlobalSection(SolutionProperties) = preSolution
		HideSolutionNode = FALSE
	EndGlobalSection
	GlobalSection(ExtensibilityGlobals) = postSolution
		SolutionGuid = {72176286-0950-4EF1-95B6-7923A5428CB1}
	EndGlobalSection
EndGlobal
